
Microsoft Visual Studio Solution File, Format Version 12.00
# Visual Studio Version 18
VisualStudioVersion = 18.1.11312.151
MinimumVisualStudioVersion = 10.0.40219.1
Project("{2150E333-8FDC-42A3-9474-1A3956D46DE8}") = "Storage", "Storage", "{02EA681E-C7D8-13C7-8484-4AC65E1B71E8}"
EndProject
Project("{2150E333-8FDC-42A3-9474-1A3956D46DE8}") = "Extensions", "Extensions", "{40A78946-2F17-4748-AE86-A7504D4141F9}"
EndProject
Project("{FAE04EC0-301F-11D3-BF4B-00C04F79EFBC}") = "Rheo.Extensions.Hosting", "Rheo.Extensions.Hosting\Rheo.Extensions.Hosting.csproj", "{FCE22D3B-4B42-6B44-94EF-E1A309D6BFBB}"
EndProject
Project("{FAE04EC0-301F-11D3-BF4B-00C04F79EFBC}") = "Rheo.Storage", "Rheo.Storage\Rheo.Storage.csproj", "{9E1CBA1B-A477-9DC6-F224-5F882A2A57D0}"
EndProject
Project("{FAE04EC0-301F-11D3-BF4B-00C04F79EFBC}") = "Rheo.Storage.Test", "Rheo.Storage.Test\Rheo.Storage.Test.csproj", "{21A0ED6A-2949-5887-11B8-37663534CE30}"
EndProject
Project("{2150E333-8FDC-42A3-9474-1A3956D46DE8}") = "Solution Items", "Solution Items", "{FC2B166F-750B-4D72-B3E3-5BF70E1E60B6}"
	ProjectSection(SolutionItems) = preProject
		.editorconfig = .editorconfig
		.gitattributes = .gitattributes
		.gitignore = .gitignore
		LICENSE.txt = LICENSE.txt
		build.ps1 = build.ps1
		.github\workflows\nuget-publish-storage.yml = .github\workflows\nuget-publish-storage.yml
		README.md = README.md
	EndProjectSection
EndProject
Project("{2150E333-8FDC-42A3-9474-1A3956D46DE8}") = "Hosting", "Hosting", "{E39BD542-FD3F-48C6-962C-8CCF993DEB1F}"
EndProject
Project("{FAE04EC0-301F-11D3-BF4B-00C04F79EFBC}") = "Rheo.Storage.DefinitionsBuilder", "Rheo.Storage.DefinitionsBuilder\Rheo.Storage.DefinitionsBuilder.csproj", "{D56CC344-B474-40A4-9E2E-16476D357427}"
EndProject
Global
	GlobalSection(SolutionConfigurationPlatforms) = preSolution
		Debug|Any CPU = Debug|Any CPU
		Release|Any CPU = Release|Any CPU
	EndGlobalSection
	GlobalSection(ProjectConfigurationPlatforms) = postSolution
		{FCE22D3B-4B42-6B44-94EF-E1A309D6BFBB}.Debug|Any CPU.ActiveCfg = Debug|Any CPU
		{FCE22D3B-4B42-6B44-94EF-E1A309D6BFBB}.Debug|Any CPU.Build.0 = Debug|Any CPU
		{FCE22D3B-4B42-6B44-94EF-E1A309D6BFBB}.Release|Any CPU.ActiveCfg = Release|Any CPU
		{FCE22D3B-4B42-6B44-94EF-E1A309D6BFBB}.Release|Any CPU.Build.0 = Release|Any CPU
		{9E1CBA1B-A477-9DC6-F224-5F882A2A57D0}.Debug|Any CPU.ActiveCfg = Debug|Any CPU
		{9E1CBA1B-A477-9DC6-F224-5F882A2A57D0}.Debug|Any CPU.Build.0 = Debug|Any CPU
		{9E1CBA1B-A477-9DC6-F224-5F882A2A57D0}.Release|Any CPU.ActiveCfg = Release|Any CPU
		{9E1CBA1B-A477-9DC6-F224-5F882A2A57D0}.Release|Any CPU.Build.0 = Release|Any CPU
		{21A0ED6A-2949-5887-11B8-37663534CE30}.Debug|Any CPU.ActiveCfg = Debug|Any CPU
		{21A0ED6A-2949-5887-11B8-37663534CE30}.Debug|Any CPU.Build.0 = Debug|Any CPU
		{21A0ED6A-2949-5887-11B8-37663534CE30}.Release|Any CPU.ActiveCfg = Release|Any CPU
		{21A0ED6A-2949-5887-11B8-37663534CE30}.Release|Any CPU.Build.0 = Release|Any CPU
		{D56CC344-B474-40A4-9E2E-16476D357427}.Debug|Any CPU.ActiveCfg = Debug|Any CPU
		{D56CC344-B474-40A4-9E2E-16476D357427}.Debug|Any CPU.Build.0 = Debug|Any CPU
		{D56CC344-B474-40A4-9E2E-16476D357427}.Release|Any CPU.ActiveCfg = Release|Any CPU
		{D56CC344-B474-40A4-9E2E-16476D357427}.Release|Any CPU.Build.0 = Release|Any CPU
	EndGlobalSection
	GlobalSection(SolutionProperties) = preSolution
		HideSolutionNode = FALSE
	EndGlobalSection
	GlobalSection(NestedProjects) = preSolution
		{FCE22D3B-4B42-6B44-94EF-E1A309D6BFBB} = {E39BD542-FD3F-48C6-962C-8CCF993DEB1F}
		{9E1CBA1B-A477-9DC6-F224-5F882A2A57D0} = {02EA681E-C7D8-13C7-8484-4AC65E1B71E8}
		{21A0ED6A-2949-5887-11B8-37663534CE30} = {02EA681E-C7D8-13C7-8484-4AC65E1B71E8}
		{E39BD542-FD3F-48C6-962C-8CCF993DEB1F} = {40A78946-2F17-4748-AE86-A7504D4141F9}
		{D56CC344-B474-40A4-9E2E-16476D357427} = {02EA681E-C7D8-13C7-8484-4AC65E1B71E8}
	EndGlobalSection
	GlobalSection(ExtensibilityGlobals) = postSolution
		SolutionGuid = {17B85777-6BCE-4AE5-97AF-9D8542AAE7A4}
	EndGlobalSection
EndGlobal
